// !$*UTF8*$!
{
	archiveVersion = 1;
	classes = {
	};
	objectVersion = 53;
	objects = {

/* Begin PBXBuildFile section */
		BD16788D2A4DCBBD00073244 /* ToDoListEx.swift in Sources */ = {isa = PBXBuildFile; fileRef = BD16788C2A4DCBBD00073244 /* ToDoListEx.swift */; };
		BD24A9AA2A4B1C4E00D9E1DA /* spaceappApp.swift in Sources */ = {isa = PBXBuildFile; fileRef = BD24A9A92A4B1C4E00D9E1DA /* spaceappApp.swift */; };
		BD24A9AC2A4B1C4E00D9E1DA /* ContentView.swift in Sources */ = {isa = PBXBuildFile; fileRef = BD24A9AB2A4B1C4E00D9E1DA /* ContentView.swift */; };
		BD24A9AE2A4B1C4F00D9E1DA /* Assets.xcassets in Resources */ = {isa = PBXBuildFile; fileRef = BD24A9AD2A4B1C4F00D9E1DA /* Assets.xcassets */; };
		BD24A9B12A4B1C4F00D9E1DA /* Preview Assets.xcassets in Resources */ = {isa = PBXBuildFile; fileRef = BD24A9B02A4B1C4F00D9E1DA /* Preview Assets.xcassets */; };
		BD784E852A4C86ED008D339F /* Apricot.otf in Resources */ = {isa = PBXBuildFile; fileRef = BD784E842A4C86ED008D339F /* Apricot.otf */; };
		BD81B0732A4CA05500210F6E /* game.swift in Sources */ = {isa = PBXBuildFile; fileRef = BD81B0722A4CA05500210F6E /* game.swift */; };
		BDABA91C2A4B747B00F85DD7 /* timer.swift in Sources */ = {isa = PBXBuildFile; fileRef = BDABA91B2A4B747B00F85DD7 /* timer.swift */; };
		BDEEA6342A4DBE5F001721FB /* todolist.swift in Sources */ = {isa = PBXBuildFile; fileRef = BDEEA6332A4DBE5F001721FB /* todolist.swift */; };
		BDF7851C2A4B32CC000267A2 /* journal.swift in Sources */ = {isa = PBXBuildFile; fileRef = BDF7851B2A4B32CC000267A2 /* journal.swift */; };
/* End PBXBuildFile section */

/* Begin PBXFileReference section */
		BD16788C2A4DCBBD00073244 /* ToDoListEx.swift */ = {isa = PBXFileReference; lastKnownFileType = sourcecode.swift; path = ToDoListEx.swift; sourceTree = "<group>"; };
		BD24A9A62A4B1C4E00D9E1DA /* spaceapp.app */ = {isa = PBXFileReference; explicitFileType = wrapper.application; includeInIndex = 0; path = spaceapp.app; sourceTree = BUILT_PRODUCTS_DIR; };
		BD24A9A92A4B1C4E00D9E1DA /* spaceappApp.swift */ = {isa = PBXFileReference; lastKnownFileType = sourcecode.swift; path = spaceappApp.swift; sourceTree = "<group>"; };
		BD24A9AB2A4B1C4E00D9E1DA /* ContentView.swift */ = {isa = PBXFileReference; lastKnownFileType = sourcecode.swift; path = ContentView.swift; sourceTree = "<group>"; };
		BD24A9AD2A4B1C4F00D9E1DA /* Assets.xcassets */ = {isa = PBXFileReference; lastKnownFileType = folder.assetcatalog; path = Assets.xcassets; sourceTree = "<group>"; };
		BD24A9B02A4B1C4F00D9E1DA /* Preview Assets.xcassets */ = {isa = PBXFileReference; lastKnownFileType = folder.assetcatalog; path = "Preview Assets.xcassets"; sourceTree = "<group>"; };
		BD784E842A4C86ED008D339F /* Apricot.otf */ = {isa = PBXFileReference; lastKnownFileType = file; path = Apricot.otf; sourceTree = "<group>"; };
		BD81B0722A4CA05500210F6E /* game.swift */ = {isa = PBXFileReference; lastKnownFileType = sourcecode.swift; path = game.swift; sourceTree = "<group>"; };
		BDABA91B2A4B747B00F85DD7 /* timer.swift */ = {isa = PBXFileReference; lastKnownFileType = sourcecode.swift; path = timer.swift; sourceTree = "<group>"; };
		BDEEA6332A4DBE5F001721FB /* todolist.swift */ = {isa = PBXFileReference; lastKnownFileType = sourcecode.swift; path = todolist.swift; sourceTree = "<group>"; };
		BDF7851B2A4B32CC000267A2 /* journal.swift */ = {isa = PBXFileReference; lastKnownFileType = sourcecode.swift; path = journal.swift; sourceTree = "<group>"; };
/* End PBXFileReference section */

/* Begin PBXFrameworksBuildPhase section */
		BD24A9A32A4B1C4E00D9E1DA /* Frameworks */ = {
			isa = PBXFrameworksBuildPhase;
			buildActionMask = 2147483647;
			files = (
			);
			runOnlyForDeploymentPostprocessing = 0;
		};
/* End PBXFrameworksBuildPhase section */

/* Begin PBXGroup section */
		BD24A99D2A4B1C4E00D9E1DA = {
			isa = PBXGroup;
			children = (
				BD24A9A82A4B1C4E00D9E1DA /* spaceapp */,
				BD24A9A72A4B1C4E00D9E1DA /* Products */,
			);
			sourceTree = "<group>";
		};
		BD24A9A72A4B1C4E00D9E1DA /* Products */ = {
			isa = PBXGroup;
			children = (
				BD24A9A62A4B1C4E00D9E1DA /* spaceapp.app */,
			);
			name = Products;
			sourceTree = "<group>";
		};
		BD24A9A82A4B1C4E00D9E1DA /* spaceapp */ = {
			isa = PBXGroup;
			children = (
				BD784E842A4C86ED008D339F /* Apricot.otf */,
				BD24A9A92A4B1C4E00D9E1DA /* spaceappApp.swift */,
				BD24A9AB2A4B1C4E00D9E1DA /* ContentView.swift */,
				BDEEA6332A4DBE5F001721FB /* todolist.swift */,
				BD16788C2A4DCBBD00073244 /* ToDoListEx.swift */,
				BD81B0722A4CA05500210F6E /* game.swift */,
				BDF7851B2A4B32CC000267A2 /* journal.swift */,
				BDABA91B2A4B747B00F85DD7 /* timer.swift */,
				BD24A9AD2A4B1C4F00D9E1DA /* Assets.xcassets */,
				BD24A9AF2A4B1C4F00D9E1DA /* Preview Content */,
			);
			path = spaceapp;
			sourceTree = "<group>";
		};
		BD24A9AF2A4B1C4F00D9E1DA /* Preview Content */ = {
			isa = PBXGroup;
			children = (
				BD24A9B02A4B1C4F00D9E1DA /* Preview Assets.xcassets */,
			);
			path = "Preview Content";
			sourceTree = "<group>";
		};
/* End PBXGroup section */

/* Begin PBXNativeTarget section */
		BD24A9A52A4B1C4E00D9E1DA /* spaceapp */ = {
			isa = PBXNativeTarget;
			buildConfigurationList = BD24A9B42A4B1C4F00D9E1DA /* Build configuration list for PBXNativeTarget "spaceapp" */;
			buildPhases = (
				BD24A9A22A4B1C4E00D9E1DA /* Sources */,
				BD24A9A32A4B1C4E00D9E1DA /* Frameworks */,
				BD24A9A42A4B1C4E00D9E1DA /* Resources */,
			);
			buildRules = (
			);
			dependencies = (
			);
			name = spaceapp;
			productName = spaceapp;
			productReference = BD24A9A62A4B1C4E00D9E1DA /* spaceapp.app */;
			productType = "com.apple.product-type.application";
		};
/* End PBXNativeTarget section */

/* Begin PBXProject section */
		BD24A99E2A4B1C4E00D9E1DA /* Project object */ = {
			isa = PBXProject;
			attributes = {
				BuildIndependentTargetsInParallel = 1;
				LastSwiftUpdateCheck = 1430;
				LastUpgradeCheck = 1430;
				TargetAttributes = {
					BD24A9A52A4B1C4E00D9E1DA = {
						CreatedOnToolsVersion = 14.3.1;
					};
				};
			};
			buildConfigurationList = BD24A9A12A4B1C4E00D9E1DA /* Build configuration list for PBXProject "spaceapp" */;
			compatibilityVersion = "Xcode 3.1";
			developmentRegion = en;
			hasScannedForEncodings = 0;
			knownRegions = (
				en,
				Base,
			);
			mainGroup = BD24A99D2A4B1C4E00D9E1DA;
			productRefGroup = BD24A9A72A4B1C4E00D9E1DA /* Products */;
			projectDirPath = "";
			projectRoot = "";
			targets = (
				BD24A9A52A4B1C4E00D9E1DA /* spaceapp */,
			);
		};
/* End PBXProject section */

/* Begin PBXResourcesBuildPhase section */
		BD24A9A42A4B1C4E00D9E1DA /* Resources */ = {
			isa = PBXResourcesBuildPhase;
			buildActionMask = 2147483647;
			files = (
				BD24A9B12A4B1C4F00D9E1DA /* Preview Assets.xcassets in Resources */,
				BD784E852A4C86ED008D339F /* Apricot.otf in Resources */,
				BD24A9AE2A4B1C4F00D9E1DA /* Assets.xcassets in Resources */,
			);
			runOnlyForDeploymentPostprocessing = 0;
		};
/* End PBXResourcesBuildPhase section */

/* Begin PBXSourcesBuildPhase section */
		BD24A9A22A4B1C4E00D9E1DA /* Sources */ = {
			isa = PBXSourcesBuildPhase;
			buildActionMask = 2147483647;
			files = (
				BD24A9AC2A4B1C4E00D9E1DA /* ContentView.swift in Sources */,
				BDEEA6342A4DBE5F001721FB /* todolist.swift in Sources */,
				BD24A9AA2A4B1C4E00D9E1DA /* spaceappApp.swift in Sources */,
				BD16788D2A4DCBBD00073244 /* ToDoListEx.swift in Sources */,
				BDABA91C2A4B747B00F85DD7 /* timer.swift in Sources */,
				BD81B0732A4CA05500210F6E /* game.swift in Sources */,
				BDF7851C2A4B32CC000267A2 /* journal.swift in Sources */,
			);
			runOnlyForDeploymentPostprocessing = 0;
		};
/* End PBXSourcesBuildPhase section */

/* Begin XCBuildConfiguration section */
		BD24A9B22A4B1C4F00D9E1DA /* Debug */ = {
			isa = XCBuildConfiguration;
			buildSettings = {
				ALWAYS_SEARCH_USER_PATHS = NO;
				CLANG_ANALYZER_NONNULL = YES;
				CLANG_ANALYZER_NUMBER_OBJECT_CONVERSION = YES_AGGRESSIVE;
				CLANG_CXX_LANGUAGE_STANDARD = "gnu++20";
				CLANG_ENABLE_MODULES = YES;
				CLANG_ENABLE_OBJC_ARC = YES;
				CLANG_ENABLE_OBJC_WEAK = YES;
				CLANG_WARN_BLOCK_CAPTURE_AUTORELEASING = YES;
				CLANG_WARN_BOOL_CONVERSION = YES;
				CLANG_WARN_COMMA = YES;
				CLANG_WARN_CONSTANT_CONVERSION = YES;
				CLANG_WARN_DEPRECATED_OBJC_IMPLEMENTATIONS = YES;
				CLANG_WARN_DIRECT_OBJC_ISA_USAGE = YES_ERROR;
				CLANG_WARN_DOCUMENTATION_COMMENTS = YES;
				CLANG_WARN_EMPTY_BODY = YES;
				CLANG_WARN_ENUM_CONVERSION = YES;
				CLANG_WARN_INFINITE_RECURSION = YES;
				CLANG_WARN_INT_CONVERSION = YES;
				CLANG_WARN_NON_LITERAL_NULL_CONVERSION = YES;
				CLANG_WARN_OBJC_IMPLICIT_RETAIN_SELF = YES;
				CLANG_WARN_OBJC_LITERAL_CONVERSION = YES;
				CLANG_WARN_OBJC_ROOT_CLASS = YES_ERROR;
				CLANG_WARN_QUOTED_INCLUDE_IN_FRAMEWORK_HEADER = YES;
				CLANG_WARN_RANGE_LOOP_ANALYSIS = YES;
				CLANG_WARN_STRICT_PROTOTYPES = YES;
				CLANG_WARN_SUSPICIOUS_MOVE = YES;
				CLANG_WARN_UNGUARDED_AVAILABILITY = YES_AGGRESSIVE;
				CLANG_WARN_UNREACHABLE_CODE = YES;
				CLANG_WARN__DUPLICATE_METHOD_MATCH = YES;
				COPY_PHASE_STRIP = NO;
				DEBUG_INFORMATION_FORMAT = dwarf;
				ENABLE_STRICT_OBJC_MSGSEND = YES;
				ENABLE_TESTABILITY = YES;
				GCC_C_LANGUAGE_STANDARD = gnu11;
				GCC_DYNAMIC_NO_PIC = NO;
				GCC_NO_COMMON_BLOCKS = YES;
				GCC_OPTIMIZATION_LEVEL = 0;
				GCC_PREPROCESSOR_DEFINITIONS = (
					"DEBUG=1",
					"$(inherited)",
				);
				GCC_WARN_64_TO_32_BIT_CONVERSION = YES;
				GCC_WARN_ABOUT_RETURN_TYPE = YES_ERROR;
				GCC_WARN_UNDECLARED_SELECTOR = YES;
				GCC_WARN_UNINITIALIZED_AUTOS = YES_AGGRESSIVE;
				GCC_WARN_UNUSED_FUNCTION = YES;
				GCC_WARN_UNUSED_VARIABLE = YES;
				IPHONEOS_DEPLOYMENT_TARGET = 16.4;
				MTL_ENABLE_DEBUG_INFO = INCLUDE_SOURCE;
				MTL_FAST_MATH = YES;
				ONLY_ACTIVE_ARCH = YES;
				SDKROOT = iphoneos;
				SWIFT_ACTIVE_COMPILATION_CONDITIONS = DEBUG;
				SWIFT_OPTIMIZATION_LEVEL = "-Onone";
			};
			name = Debug;
		};
		BD24A9B32A4B1C4F00D9E1DA /* Release */ = {
			isa = XCBuildConfiguration;
			buildSettings = {
				ALWAYS_SEARCH_USER_PATHS = NO;
				CLANG_ANALYZER_NONNULL = YES;
				CLANG_ANALYZER_NUMBER_OBJECT_CONVERSION = YES_AGGRESSIVE;
				CLANG_CXX_LANGUAGE_STANDARD = "gnu++20";
				CLANG_ENABLE_MODULES = YES;
				CLANG_ENABLE_OBJC_ARC = YES;
				CLANG_ENABLE_OBJC_WEAK = YES;
				CLANG_WARN_BLOCK_CAPTURE_AUTORELEASING = YES;
				CLANG_WARN_BOOL_CONVERSION = YES;
				CLANG_WARN_COMMA = YES;
				CLANG_WARN_CONSTANT_CONVERSION = YES;
				CLANG_WARN_DEPRECATED_OBJC_IMPLEMENTATIONS = YES;
				CLANG_WARN_DIRECT_OBJC_ISA_USAGE = YES_ERROR;
				CLANG_WARN_DOCUMENTATION_COMMENTS = YES;
				CLANG_WARN_EMPTY_BODY = YES;
				CLANG_WARN_ENUM_CONVERSION = YES;
				CLANG_WARN_INFINITE_RECURSION = YES;
				CLANG_WARN_INT_CONVERSION = YES;
				CLANG_WARN_NON_LITERAL_NULL_CONVERSION = YES;
				CLANG_WARN_OBJC_IMPLICIT_RETAIN_SELF = YES;
				CLANG_WARN_OBJC_LITERAL_CONVERSION = YES;
				CLANG_WARN_OBJC_ROOT_CLASS = YES_ERROR;
				CLANG_WARN_QUOTED_INCLUDE_IN_FRAMEWORK_HEADER = YES;
				CLANG_WARN_RANGE_LOOP_ANALYSIS = YES;
				CLANG_WARN_STRICT_PROTOTYPES = YES;
				CLANG_WARN_SUSPICIOUS_MOVE = YES;
				CLANG_WARN_UNGUARDED_AVAILABILITY = YES_AGGRESSIVE;
				CLANG_WARN_UNREACHABLE_CODE = YES;
				CLANG_WARN__DUPLICATE_METHOD_MATCH = YES;
				COPY_PHASE_STRIP = NO;
				DEBUG_INFORMATION_FORMAT = "dwarf-with-dsym";
				ENABLE_NS_ASSERTIONS = NO;
				ENABLE_STRICT_OBJC_MSGSEND = YES;
				GCC_C_LANGUAGE_STANDARD = gnu11;
				GCC_NO_COMMON_BLOCKS = YES;
				GCC_WARN_64_TO_32_BIT_CONVERSION = YES;
				GCC_WARN_ABOUT_RETURN_TYPE = YES_ERROR;
				GCC_WARN_UNDECLARED_SELECTOR = YES;
				GCC_WARN_UNINITIALIZED_AUTOS = YES_AGGRESSIVE;
				GCC_WARN_UNUSED_FUNCTION = YES;
				GCC_WARN_UNUSED_VARIABLE = YES;
				IPHONEOS_DEPLOYMENT_TARGET = 16.4;
				MTL_ENABLE_DEBUG_INFO = NO;
				MTL_FAST_MATH = YES;
				SDKROOT = iphoneos;
				SWIFT_COMPILATION_MODE = wholemodule;
				SWIFT_OPTIMIZATION_LEVEL = "-O";
				VALIDATE_PRODUCT = YES;
			};
			name = Release;
		};
		BD24A9B52A4B1C4F00D9E1DA /* Debug */ = {
			isa = XCBuildConfiguration;
			buildSettings = {
				ASSETCATALOG_COMPILER_APPICON_NAME = AppIcon;
				ASSETCATALOG_COMPILER_GLOBAL_ACCENT_COLOR_NAME = AccentColor;
				CODE_SIGN_STYLE = Automatic;
				CURRENT_PROJECT_VERSION = 1;
				DEVELOPMENT_ASSET_PATHS = "\"spaceapp/Preview Content\"";
				ENABLE_PREVIEWS = YES;
				GENERATE_INFOPLIST_FILE = YES;
				INFOPLIST_FILE = spaceapp/Info.plist;
				INFOPLIST_KEY_UIApplicationSceneManifest_Generation = YES;
				INFOPLIST_KEY_UIApplicationSupportsIndirectInputEvents = YES;
				INFOPLIST_KEY_UILaunchScreen_Generation = YES;
				INFOPLIST_KEY_UISupportedInterfaceOrientations_iPad = "UIInterfaceOrientationPortrait UIInterfaceOrientationPortraitUpsideDown UIInterfaceOrientationLandscapeLeft UIInterfaceOrientationLandscapeRight";
				INFOPLIST_KEY_UISupportedInterfaceOrientations_iPhone = "UIInterfaceOrientationPortrait UIInterfaceOrientationLandscapeLeft UIInterfaceOrientationLandscapeRight";
				LD_RUNPATH_SEARCH_PATHS = (
					"$(inherited)",
					"@executable_path/Frameworks",
				);
				MARKETING_VERSION = 1.0;
				PRODUCT_BUNDLE_IDENTIFIER = kwk.spaceapp;
				PRODUCT_NAME = "$(TARGET_NAME)";
				SWIFT_EMIT_LOC_STRINGS = YES;
				SWIFT_VERSION = 5.0;
				TARGETED_DEVICE_FAMILY = "1,2";
			};
			name = Debug;
		};
		BD24A9B62A4B1C4F00D9E1DA /* Release */ = {
			isa = XCBuildConfiguration;
			buildSettings = {
				ASSETCATALOG_COMPILER_APPICON_NAME = AppIcon;
				ASSETCATALOG_COMPILER_GLOBAL_ACCENT_COLOR_NAME = AccentColor;
				CODE_SIGN_STYLE = Automatic;
				CURRENT_PROJECT_VERSION = 1;
				DEVELOPMENT_ASSET_PATHS = "\"spaceapp/Preview Content\"";
				ENABLE_PREVIEWS = YES;
				GENERATE_INFOPLIST_FILE = YES;
				INFOPLIST_FILE = spaceapp/Info.plist;
				INFOPLIST_KEY_UIApplicationSceneManifest_Generation = YES;
				INFOPLIST_KEY_UIApplicationSupportsIndirectInputEvents = YES;
				INFOPLIST_KEY_UILaunchScreen_Generation = YES;
				INFOPLIST_KEY_UISupportedInterfaceOrientations_iPad = "UIInterfaceOrientationPortrait UIInterfaceOrientationPortraitUpsideDown UIInterfaceOrientationLandscapeLeft UIInterfaceOrientationLandscapeRight";
				INFOPLIST_KEY_UISupportedInterfaceOrientations_iPhone = "UIInterfaceOrientationPortrait UIInterfaceOrientationLandscapeLeft UIInterfaceOrientationLandscapeRight";
				LD_RUNPATH_SEARCH_PATHS = (
					"$(inherited)",
					"@executable_path/Frameworks",
				);
				MARKETING_VERSION = 1.0;
				PRODUCT_BUNDLE_IDENTIFIER = kwk.spaceapp;
				PRODUCT_NAME = "$(TARGET_NAME)";
				SWIFT_EMIT_LOC_STRINGS = YES;
				SWIFT_VERSION = 5.0;
				TARGETED_DEVICE_FAMILY = "1,2";
			};
			name = Release;
		};
/* End XCBuildConfiguration section */

/* Begin XCConfigurationList section */
		BD24A9A12A4B1C4E00D9E1DA /* Build configuration list for PBXProject "spaceapp" */ = {
			isa = XCConfigurationList;
			buildConfigurations = (
				BD24A9B22A4B1C4F00D9E1DA /* Debug */,
				BD24A9B32A4B1C4F00D9E1DA /* Release */,
			);
			defaultConfigurationIsVisible = 0;
			defaultConfigurationName = Release;
		};
		BD24A9B42A4B1C4F00D9E1DA /* Build configuration list for PBXNativeTarget "spaceapp" */ = {
			isa = XCConfigurationList;
			buildConfigurations = (
				BD24A9B52A4B1C4F00D9E1DA /* Debug */,
				BD24A9B62A4B1C4F00D9E1DA /* Release */,
			);
			defaultConfigurationIsVisible = 0;
			defaultConfigurationName = Release;
		};
/* End XCConfigurationList section */
	};
	rootObject = BD24A99E2A4B1C4E00D9E1DA /* Project object */;
}
